
Microsoft Visual Studio Solution File, Format Version 12.00
# Visual Studio Version 16
VisualStudioVersion = 16.0.33328.57
MinimumVisualStudioVersion = 10.0.40219.1
Project("{FAE04EC0-301F-11D3-BF4B-00C04F79EFBC}") = "JavaScript_W3S", "JavaScript_W3S\JavaScript_W3S.csproj", "{A7208D9F-F25A-4246-85B5-EB5E3484AB9C}"
EndProject
Global
	GlobalSection(SolutionConfigurationPlatforms) = preSolution
		Debug|Any CPU = Debug|Any CPU
		Release|Any CPU = Release|Any CPU
	EndGlobalSection
	GlobalSection(ProjectConfigurationPlatforms) = postSolution
		{A7208D9F-F25A-4246-85B5-EB5E3484AB9C}.Debug|Any CPU.ActiveCfg = Debug|Any CPU
		{A7208D9F-F25A-4246-85B5-EB5E3484AB9C}.Debug|Any CPU.Build.0 = Debug|Any CPU
		{A7208D9F-F25A-4246-85B5-EB5E3484AB9C}.Release|Any CPU.ActiveCfg = Release|Any CPU
		{A7208D9F-F25A-4246-85B5-EB5E3484AB9C}.Release|Any CPU.Build.0 = Release|Any CPU
	EndGlobalSection
	GlobalSection(SolutionProperties) = preSolution
		HideSolutionNode = FALSE
	EndGlobalSection
	GlobalSection(ExtensibilityGlobals) = postSolution
		SolutionGuid = {B735796E-DA82-4C08-B5BF-664B92D804C7}
	EndGlobalSection
EndGlobal
